
Microsoft Visual Studio Solution File, Format Version 12.00
# Visual Studio Version 17
VisualStudioVersion = 17.5.33502.453
MinimumVisualStudioVersion = 10.0.40219.1
Project("{FAE04EC0-301F-11D3-BF4B-00C04F79EFBC}") = "NLayer.Core", "NLayer.Core\NLayer.Core.csproj", "{978BF319-F341-4178-9060-DA94C97A3107}"
EndProject
Project("{FAE04EC0-301F-11D3-BF4B-00C04F79EFBC}") = "NLayer.Repository", "NLayer.Repository\NLayer.Repository.csproj", "{1C06E235-AC28-45CE-9D66-1B9A69EA44E1}"
EndProject
Project("{FAE04EC0-301F-11D3-BF4B-00C04F79EFBC}") = "NLayer.Service", "NLayer.Service\NLayer.Service.csproj", "{DB2CCFE8-3B95-4B33-AB70-2594B94587AC}"
EndProject
Project("{FAE04EC0-301F-11D3-BF4B-00C04F79EFBC}") = "NLayer.API", "NLayer.API\NLayer.API.csproj", "{5AD5A332-6459-4F76-B5C3-FA34D25731C0}"
EndProject
Project("{FAE04EC0-301F-11D3-BF4B-00C04F79EFBC}") = "NLayer.Web", "NLayer.Web\NLayer.Web.csproj", "{50F16A9C-5E9F-4764-91C3-7FFB6EF1D8E2}"
EndProject
Project("{FAE04EC0-301F-11D3-BF4B-00C04F79EFBC}") = "NLayer.Caching", "NLayer.Caching\NLayer.Caching.csproj", "{7406CBDF-24F2-461D-86E5-B919459E5F65}"
EndProject
Global
	GlobalSection(SolutionConfigurationPlatforms) = preSolution
		Debug|Any CPU = Debug|Any CPU
		Release|Any CPU = Release|Any CPU
	EndGlobalSection
	GlobalSection(ProjectConfigurationPlatforms) = postSolution
		{978BF319-F341-4178-9060-DA94C97A3107}.Debug|Any CPU.ActiveCfg = Debug|Any CPU
		{978BF319-F341-4178-9060-DA94C97A3107}.Debug|Any CPU.Build.0 = Debug|Any CPU
		{978BF319-F341-4178-9060-DA94C97A3107}.Release|Any CPU.ActiveCfg = Release|Any CPU
		{978BF319-F341-4178-9060-DA94C97A3107}.Release|Any CPU.Build.0 = Release|Any CPU
		{1C06E235-AC28-45CE-9D66-1B9A69EA44E1}.Debug|Any CPU.ActiveCfg = Debug|Any CPU
		{1C06E235-AC28-45CE-9D66-1B9A69EA44E1}.Debug|Any CPU.Build.0 = Debug|Any CPU
		{1C06E235-AC28-45CE-9D66-1B9A69EA44E1}.Release|Any CPU.ActiveCfg = Release|Any CPU
		{1C06E235-AC28-45CE-9D66-1B9A69EA44E1}.Release|Any CPU.Build.0 = Release|Any CPU
		{DB2CCFE8-3B95-4B33-AB70-2594B94587AC}.Debug|Any CPU.ActiveCfg = Debug|Any CPU
		{DB2CCFE8-3B95-4B33-AB70-2594B94587AC}.Debug|Any CPU.Build.0 = Debug|Any CPU
		{DB2CCFE8-3B95-4B33-AB70-2594B94587AC}.Release|Any CPU.ActiveCfg = Release|Any CPU
		{DB2CCFE8-3B95-4B33-AB70-2594B94587AC}.Release|Any CPU.Build.0 = Release|Any CPU
		{5AD5A332-6459-4F76-B5C3-FA34D25731C0}.Debug|Any CPU.ActiveCfg = Debug|Any CPU
		{5AD5A332-6459-4F76-B5C3-FA34D25731C0}.Debug|Any CPU.Build.0 = Debug|Any CPU
		{5AD5A332-6459-4F76-B5C3-FA34D25731C0}.Release|Any CPU.ActiveCfg = Release|Any CPU
		{5AD5A332-6459-4F76-B5C3-FA34D25731C0}.Release|Any CPU.Build.0 = Release|Any CPU
		{50F16A9C-5E9F-4764-91C3-7FFB6EF1D8E2}.Debug|Any CPU.ActiveCfg = Debug|Any CPU
		{50F16A9C-5E9F-4764-91C3-7FFB6EF1D8E2}.Debug|Any CPU.Build.0 = Debug|Any CPU
		{50F16A9C-5E9F-4764-91C3-7FFB6EF1D8E2}.Release|Any CPU.ActiveCfg = Release|Any CPU
		{50F16A9C-5E9F-4764-91C3-7FFB6EF1D8E2}.Release|Any CPU.Build.0 = Release|Any CPU
		{7406CBDF-24F2-461D-86E5-B919459E5F65}.Debug|Any CPU.ActiveCfg = Debug|Any CPU
		{7406CBDF-24F2-461D-86E5-B919459E5F65}.Debug|Any CPU.Build.0 = Debug|Any CPU
		{7406CBDF-24F2-461D-86E5-B919459E5F65}.Release|Any CPU.ActiveCfg = Release|Any CPU
		{7406CBDF-24F2-461D-86E5-B919459E5F65}.Release|Any CPU.Build.0 = Release|Any CPU
	EndGlobalSection
	GlobalSection(SolutionProperties) = preSolution
		HideSolutionNode = FALSE
	EndGlobalSection
	GlobalSection(ExtensibilityGlobals) = postSolution
		SolutionGuid = {911992AB-9AC2-4739-936D-E25798EDED44}
	EndGlobalSection
EndGlobal
